
Microsoft Visual Studio Solution File, Format Version 12.00
# Visual Studio Version 17
VisualStudioVersion = 17.4.33103.184
MinimumVisualStudioVersion = 10.0.40219.1
Project("{FAE04EC0-301F-11D3-BF4B-00C04F79EFBC}") = "LibeRate.Android", "LibeRate\LibeRate.Android\LibeRate.Android.csproj", "{B8E00200-76CC-40F4-9D32-2FEF1BCDAE80}"
EndProject
Project("{FAE04EC0-301F-11D3-BF4B-00C04F79EFBC}") = "LibeRate.iOS", "LibeRate\LibeRate.iOS\LibeRate.iOS.csproj", "{F30A52CF-DC0C-4A45-99D0-A7BE067D6960}"
EndProject
Project("{9A19103F-16F7-4668-BE54-9A1E7A4F7556}") = "LibeRate", "LibeRate\LibeRate\LibeRate.csproj", "{5FB28BEC-07D2-48EA-B7FB-6409C696572A}"
EndProject
Global
	GlobalSection(SolutionConfigurationPlatforms) = preSolution
		Debug|Any CPU = Debug|Any CPU
		Debug|iPhone = Debug|iPhone
		Debug|iPhoneSimulator = Debug|iPhoneSimulator
		Release|Any CPU = Release|Any CPU
		Release|iPhone = Release|iPhone
		Release|iPhoneSimulator = Release|iPhoneSimulator
	EndGlobalSection
	GlobalSection(ProjectConfigurationPlatforms) = postSolution
		{B8E00200-76CC-40F4-9D32-2FEF1BCDAE80}.Debug|Any CPU.ActiveCfg = Debug|Any CPU
		{B8E00200-76CC-40F4-9D32-2FEF1BCDAE80}.Debug|Any CPU.Build.0 = Debug|Any CPU
		{B8E00200-76CC-40F4-9D32-2FEF1BCDAE80}.Debug|Any CPU.Deploy.0 = Debug|Any CPU
		{B8E00200-76CC-40F4-9D32-2FEF1BCDAE80}.Debug|iPhone.ActiveCfg = Debug|Any CPU
		{B8E00200-76CC-40F4-9D32-2FEF1BCDAE80}.Debug|iPhone.Build.0 = Debug|Any CPU
		{B8E00200-76CC-40F4-9D32-2FEF1BCDAE80}.Debug|iPhone.Deploy.0 = Debug|Any CPU
		{B8E00200-76CC-40F4-9D32-2FEF1BCDAE80}.Debug|iPhoneSimulator.ActiveCfg = Debug|Any CPU
		{B8E00200-76CC-40F4-9D32-2FEF1BCDAE80}.Debug|iPhoneSimulator.Build.0 = Debug|Any CPU
		{B8E00200-76CC-40F4-9D32-2FEF1BCDAE80}.Debug|iPhoneSimulator.Deploy.0 = Debug|Any CPU
		{B8E00200-76CC-40F4-9D32-2FEF1BCDAE80}.Release|Any CPU.ActiveCfg = Release|Any CPU
		{B8E00200-76CC-40F4-9D32-2FEF1BCDAE80}.Release|Any CPU.Build.0 = Release|Any CPU
		{B8E00200-76CC-40F4-9D32-2FEF1BCDAE80}.Release|Any CPU.Deploy.0 = Release|Any CPU
		{B8E00200-76CC-40F4-9D32-2FEF1BCDAE80}.Release|iPhone.ActiveCfg = Release|Any CPU
		{B8E00200-76CC-40F4-9D32-2FEF1BCDAE80}.Release|iPhone.Build.0 = Release|Any CPU
		{B8E00200-76CC-40F4-9D32-2FEF1BCDAE80}.Release|iPhone.Deploy.0 = Release|Any CPU
		{B8E00200-76CC-40F4-9D32-2FEF1BCDAE80}.Release|iPhoneSimulator.ActiveCfg = Release|Any CPU
		{B8E00200-76CC-40F4-9D32-2FEF1BCDAE80}.Release|iPhoneSimulator.Build.0 = Release|Any CPU
		{B8E00200-76CC-40F4-9D32-2FEF1BCDAE80}.Release|iPhoneSimulator.Deploy.0 = Release|Any CPU
		{F30A52CF-DC0C-4A45-99D0-A7BE067D6960}.Debug|Any CPU.ActiveCfg = Debug|iPhone
		{F30A52CF-DC0C-4A45-99D0-A7BE067D6960}.Debug|Any CPU.Build.0 = Debug|iPhone
		{F30A52CF-DC0C-4A45-99D0-A7BE067D6960}.Debug|Any CPU.Deploy.0 = Debug|iPhone
		{F30A52CF-DC0C-4A45-99D0-A7BE067D6960}.Debug|iPhone.ActiveCfg = Debug|iPhone
		{F30A52CF-DC0C-4A45-99D0-A7BE067D6960}.Debug|iPhone.Build.0 = Debug|iPhone
		{F30A52CF-DC0C-4A45-99D0-A7BE067D6960}.Debug|iPhone.Deploy.0 = Debug|iPhone
		{F30A52CF-DC0C-4A45-99D0-A7BE067D6960}.Debug|iPhoneSimulator.ActiveCfg = Debug|iPhoneSimulator
		{F30A52CF-DC0C-4A45-99D0-A7BE067D6960}.Debug|iPhoneSimulator.Build.0 = Debug|iPhoneSimulator
		{F30A52CF-DC0C-4A45-99D0-A7BE067D6960}.Debug|iPhoneSimulator.Deploy.0 = Debug|iPhoneSimulator
		{F30A52CF-DC0C-4A45-99D0-A7BE067D6960}.Release|Any CPU.ActiveCfg = Release|iPhoneSimulator
		{F30A52CF-DC0C-4A45-99D0-A7BE067D6960}.Release|Any CPU.Build.0 = Release|iPhoneSimulator
		{F30A52CF-DC0C-4A45-99D0-A7BE067D6960}.Release|Any CPU.Deploy.0 = Release|iPhoneSimulator
		{F30A52CF-DC0C-4A45-99D0-A7BE067D6960}.Release|iPhone.ActiveCfg = Release|iPhone
		{F30A52CF-DC0C-4A45-99D0-A7BE067D6960}.Release|iPhone.Build.0 = Release|iPhone
		{F30A52CF-DC0C-4A45-99D0-A7BE067D6960}.Release|iPhone.Deploy.0 = Release|iPhone
		{F30A52CF-DC0C-4A45-99D0-A7BE067D6960}.Release|iPhoneSimulator.ActiveCfg = Release|iPhoneSimulator
		{F30A52CF-DC0C-4A45-99D0-A7BE067D6960}.Release|iPhoneSimulator.Build.0 = Release|iPhoneSimulator
		{F30A52CF-DC0C-4A45-99D0-A7BE067D6960}.Release|iPhoneSimulator.Deploy.0 = Release|iPhoneSimulator
		{5FB28BEC-07D2-48EA-B7FB-6409C696572A}.Debug|Any CPU.ActiveCfg = Debug|Any CPU
		{5FB28BEC-07D2-48EA-B7FB-6409C696572A}.Debug|Any CPU.Build.0 = Debug|Any CPU
		{5FB28BEC-07D2-48EA-B7FB-6409C696572A}.Debug|Any CPU.Deploy.0 = Debug|Any CPU
		{5FB28BEC-07D2-48EA-B7FB-6409C696572A}.Debug|iPhone.ActiveCfg = Debug|Any CPU
		{5FB28BEC-07D2-48EA-B7FB-6409C696572A}.Debug|iPhone.Build.0 = Debug|Any CPU
		{5FB28BEC-07D2-48EA-B7FB-6409C696572A}.Debug|iPhone.Deploy.0 = Debug|Any CPU
		{5FB28BEC-07D2-48EA-B7FB-6409C696572A}.Debug|iPhoneSimulator.ActiveCfg = Debug|Any CPU
		{5FB28BEC-07D2-48EA-B7FB-6409C696572A}.Debug|iPhoneSimulator.Build.0 = Debug|Any CPU
		{5FB28BEC-07D2-48EA-B7FB-6409C696572A}.Debug|iPhoneSimulator.Deploy.0 = Debug|Any CPU
		{5FB28BEC-07D2-48EA-B7FB-6409C696572A}.Release|Any CPU.ActiveCfg = Release|Any CPU
		{5FB28BEC-07D2-48EA-B7FB-6409C696572A}.Release|Any CPU.Build.0 = Release|Any CPU
		{5FB28BEC-07D2-48EA-B7FB-6409C696572A}.Release|Any CPU.Deploy.0 = Release|Any CPU
		{5FB28BEC-07D2-48EA-B7FB-6409C696572A}.Release|iPhone.ActiveCfg = Release|Any CPU
		{5FB28BEC-07D2-48EA-B7FB-6409C696572A}.Release|iPhone.Build.0 = Release|Any CPU
		{5FB28BEC-07D2-48EA-B7FB-6409C696572A}.Release|iPhone.Deploy.0 = Release|Any CPU
		{5FB28BEC-07D2-48EA-B7FB-6409C696572A}.Release|iPhoneSimulator.ActiveCfg = Release|Any CPU
		{5FB28BEC-07D2-48EA-B7FB-6409C696572A}.Release|iPhoneSimulator.Build.0 = Release|Any CPU
		{5FB28BEC-07D2-48EA-B7FB-6409C696572A}.Release|iPhoneSimulator.Deploy.0 = Release|Any CPU
	EndGlobalSection
	GlobalSection(SolutionProperties) = preSolution
		HideSolutionNode = FALSE
	EndGlobalSection
	GlobalSection(ExtensibilityGlobals) = postSolution
		SolutionGuid = {C1635994-8AD4-4AFC-9614-4B5599346AEF}
	EndGlobalSection
EndGlobal
